{
    "_readme": [
        "This file locks the dependencies of your project to a known state",
        "Read more about it at https://getcomposer.org/doc/01-basic-usage.md#installing-dependencies",
        "This file is @generated automatically"
    ],
    "content-hash": "e001dc189a3fc428a9613e2a1c1d99f2",
    "packages": [
        {
            "name": "alexeyplodenko/symfony-php-dumper",
            "version": "1.0.11",
            "source": {
                "type": "git",
                "url": "https://github.com/AlexeyPlodenko/symfony-php-dumper.git",
                "reference": "ce084ecf1de6d28c04c961b9d0d73ae8de8acb44"
            },
            "dist": {
                "type": "zip",
                "url": "https://api.github.com/repos/AlexeyPlodenko/symfony-php-dumper/zipball/ce084ecf1de6d28c04c961b9d0d73ae8de8acb44",
                "reference": "ce084ecf1de6d28c04c961b9d0d73ae8de8acb44",
                "shasum": ""
            },
            "require": {
                "php": ">=8.2",
                "symfony/var-dumper": "^7.0"
            },
            "type": "library",
            "autoload": {
                "files": [
                    "src/helpers.php"
                ]
            },
            "notification-url": "https://packagist.org/downloads/",
            "license": [
                "MIT"
            ],
            "description": "The package provides a simple dump function, based on the Symfony VarDumper package, to output the variables and stop execution.",
            "homepage": "https://github.com/AlexeyPlodenko/php-dumper",
            "keywords": [
                "debug",
                "dump"
            ],
            "support": {
                "issues": "https://github.com/AlexeyPlodenko/symfony-php-dumper/issues",
                "source": "https://github.com/AlexeyPlodenko/symfony-php-dumper/tree/1.0.11"
            },
            "time": "2024-12-04T07:40:43+00:00"
        },
        {
            "name": "symfony/polyfill-mbstring",
            "version": "v1.31.0",
            "source": {
                "type": "git",
                "url": "https://github.com/symfony/polyfill-mbstring.git",
                "reference": "85181ba99b2345b0ef10ce42ecac37612d9fd341"
            },
            "dist": {
                "type": "zip",
                "url": "https://api.github.com/repos/symfony/polyfill-mbstring/zipball/85181ba99b2345b0ef10ce42ecac37612d9fd341",
                "reference": "85181ba99b2345b0ef10ce42ecac37612d9fd341",
                "shasum": ""
            },
            "require": {
                "php": ">=7.2"
            },
            "provide": {
                "ext-mbstring": "*"
            },
            "suggest": {
                "ext-mbstring": "For best performance"
            },
            "type": "library",
            "extra": {
                "thanks": {
                    "name": "symfony/polyfill",
                    "url": "https://github.com/symfony/polyfill"
                }
            },
            "autoload": {
                "files": [
                    "bootstrap.php"
                ],
                "psr-4": {
                    "Symfony\\Polyfill\\Mbstring\\": ""
                }
            },
            "notification-url": "https://packagist.org/downloads/",
            "license": [
                "MIT"
            ],
            "authors": [
                {
                    "name": "Nicolas Grekas",
                    "email": "p@tchwork.com"
                },
                {
                    "name": "Symfony Community",
                    "homepage": "https://symfony.com/contributors"
                }
            ],
            "description": "Symfony polyfill for the Mbstring extension",
            "homepage": "https://symfony.com",
            "keywords": [
                "compatibility",
                "mbstring",
                "polyfill",
                "portable",
                "shim"
            ],
            "support": {
                "source": "https://github.com/symfony/polyfill-mbstring/tree/v1.31.0"
            },
            "funding": [
                {
                    "url": "https://symfony.com/sponsor",
                    "type": "custom"
                },
                {
                    "url": "https://github.com/fabpot",
                    "type": "github"
                },
                {
                    "url": "https://tidelift.com/funding/github/packagist/symfony/symfony",
                    "type": "tidelift"
                }
            ],
            "time": "2024-09-09T11:45:10+00:00"
        },
        {
            "name": "symfony/process",
            "version": "v6.4.15",
            "source": {
                "type": "git",
                "url": "https://github.com/symfony/process.git",
                "reference": "3cb242f059c14ae08591c5c4087d1fe443564392"
            },
            "dist": {
                "type": "zip",
                "url": "https://api.github.com/repos/symfony/process/zipball/3cb242f059c14ae08591c5c4087d1fe443564392",
                "reference": "3cb242f059c14ae08591c5c4087d1fe443564392",
                "shasum": ""
            },
            "require": {
                "php": ">=8.1"
            },
            "type": "library",
            "autoload": {
                "psr-4": {
                    "Symfony\\Component\\Process\\": ""
                },
                "exclude-from-classmap": [
                    "/Tests/"
                ]
            },
            "notification-url": "https://packagist.org/downloads/",
            "license": [
                "MIT"
            ],
            "authors": [
                {
                    "name": "Fabien Potencier",
                    "email": "fabien@symfony.com"
                },
                {
                    "name": "Symfony Community",
                    "homepage": "https://symfony.com/contributors"
                }
            ],
            "description": "Executes commands in sub-processes",
            "homepage": "https://symfony.com",
            "support": {
                "source": "https://github.com/symfony/process/tree/v6.4.15"
            },
            "funding": [
                {
                    "url": "https://symfony.com/sponsor",
                    "type": "custom"
                },
                {
                    "url": "https://github.com/fabpot",
                    "type": "github"
                },
                {
                    "url": "https://tidelift.com/funding/github/packagist/symfony/symfony",
                    "type": "tidelift"
                }
            ],
            "time": "2024-11-06T14:19:14+00:00"
        },
        {
            "name": "symfony/var-dumper",
            "version": "v7.2.0",
            "source": {
                "type": "git",
                "url": "https://github.com/symfony/var-dumper.git",
                "reference": "c6a22929407dec8765d6e2b6ff85b800b245879c"
            },
            "dist": {
                "type": "zip",
                "url": "https://api.github.com/repos/symfony/var-dumper/zipball/c6a22929407dec8765d6e2b6ff85b800b245879c",
                "reference": "c6a22929407dec8765d6e2b6ff85b800b245879c",
                "shasum": ""
            },
            "require": {
                "php": ">=8.2",
                "symfony/polyfill-mbstring": "~1.0"
            },
            "conflict": {
                "symfony/console": "<6.4"
            },
            "require-dev": {
                "ext-iconv": "*",
                "symfony/console": "^6.4|^7.0",
                "symfony/http-kernel": "^6.4|^7.0",
                "symfony/process": "^6.4|^7.0",
                "symfony/uid": "^6.4|^7.0",
                "twig/twig": "^3.12"
            },
            "bin": [
                "Resources/bin/var-dump-server"
            ],
            "type": "library",
            "autoload": {
                "files": [
                    "Resources/functions/dump.php"
                ],
                "psr-4": {
                    "Symfony\\Component\\VarDumper\\": ""
                },
                "exclude-from-classmap": [
                    "/Tests/"
                ]
            },
            "notification-url": "https://packagist.org/downloads/",
            "license": [
                "MIT"
            ],
            "authors": [
                {
                    "name": "Nicolas Grekas",
                    "email": "p@tchwork.com"
                },
                {
                    "name": "Symfony Community",
                    "homepage": "https://symfony.com/contributors"
                }
            ],
            "description": "Provides mechanisms for walking through any arbitrary PHP variable",
            "homepage": "https://symfony.com",
            "keywords": [
                "debug",
                "dump"
            ],
            "support": {
                "source": "https://github.com/symfony/var-dumper/tree/v7.2.0"
            },
            "funding": [
                {
                    "url": "https://symfony.com/sponsor",
                    "type": "custom"
                },
                {
                    "url": "https://github.com/fabpot",
                    "type": "github"
                },
                {
                    "url": "https://tidelift.com/funding/github/packagist/symfony/symfony",
                    "type": "tidelift"
                }
            ],
            "time": "2024-11-08T15:48:14+00:00"
        }
    ],
    "packages-dev": [],
    "aliases": [],
    "minimum-stability": "stable",
    "stability-flags": [],
    "prefer-stable": false,
    "prefer-lowest": false,
    "platform": {
        "php": "^8.1"
    },
    "platform-dev": [],
    "plugin-api-version": "2.6.0"
}
